
Microsoft Visual Studio Solution File, Format Version 12.00
# Visual Studio Version 16
VisualStudioVersion = 16.0.31424.327
MinimumVisualStudioVersion = 10.0.40219.1
Project("{FAE04EC0-301F-11D3-BF4B-00C04F79EFBC}") = "rpg_combat.test", "rpg_combat.test\rpg_combat.test.csproj", "{36FC2FB2-5223-4745-9525-394942F76BB6}"
EndProject
Project("{9A19103F-16F7-4668-BE54-9A1E7A4F7556}") = "rpg-combat", "rpg_combat\rpg-combat.csproj", "{F39F01A4-CA22-43E2-8913-12C48540471C}"
EndProject
Global
	GlobalSection(SolutionConfigurationPlatforms) = preSolution
		Debug|Any CPU = Debug|Any CPU
		Release|Any CPU = Release|Any CPU
	EndGlobalSection
	GlobalSection(ProjectConfigurationPlatforms) = postSolution
		{36FC2FB2-5223-4745-9525-394942F76BB6}.Debug|Any CPU.ActiveCfg = Debug|Any CPU
		{36FC2FB2-5223-4745-9525-394942F76BB6}.Debug|Any CPU.Build.0 = Debug|Any CPU
		{36FC2FB2-5223-4745-9525-394942F76BB6}.Release|Any CPU.ActiveCfg = Release|Any CPU
		{36FC2FB2-5223-4745-9525-394942F76BB6}.Release|Any CPU.Build.0 = Release|Any CPU
		{F39F01A4-CA22-43E2-8913-12C48540471C}.Debug|Any CPU.ActiveCfg = Debug|Any CPU
		{F39F01A4-CA22-43E2-8913-12C48540471C}.Debug|Any CPU.Build.0 = Debug|Any CPU
		{F39F01A4-CA22-43E2-8913-12C48540471C}.Release|Any CPU.ActiveCfg = Release|Any CPU
		{F39F01A4-CA22-43E2-8913-12C48540471C}.Release|Any CPU.Build.0 = Release|Any CPU
	EndGlobalSection
	GlobalSection(SolutionProperties) = preSolution
		HideSolutionNode = FALSE
	EndGlobalSection
	GlobalSection(ExtensibilityGlobals) = postSolution
		SolutionGuid = {B98B21BB-FEC5-4944-BEBF-5128552EF562}
	EndGlobalSection
EndGlobal
